
Microsoft Visual Studio Solution File, Format Version 12.00
# Visual Studio Version 16
VisualStudioVersion = 16.0.28803.352
MinimumVisualStudioVersion = 10.0.40219.1
Project("{FAE04EC0-301F-11D3-BF4B-00C04F79EFBC}") = "Beheer", "Beheer\Beheer.csproj", "{03EA79BD-848D-425B-B72C-4C1A55088701}"
EndProject
Project("{FAE04EC0-301F-11D3-BF4B-00C04F79EFBC}") = "Tijdregistratie", "Tijdregistratie\Tijdregistratie.csproj", "{0C63406A-427B-4A63-916D-6F2AFF973BF9}"
EndProject
Project("{FAE04EC0-301F-11D3-BF4B-00C04F79EFBC}") = "Data", "Data\Data.csproj", "{40F266DB-99D9-42C1-8D12-010786B056B8}"
EndProject
Global
	GlobalSection(SolutionConfigurationPlatforms) = preSolution
		Debug|Any CPU = Debug|Any CPU
		Release|Any CPU = Release|Any CPU
	EndGlobalSection
	GlobalSection(ProjectConfigurationPlatforms) = postSolution
		{03EA79BD-848D-425B-B72C-4C1A55088701}.Debug|Any CPU.ActiveCfg = Debug|Any CPU
		{03EA79BD-848D-425B-B72C-4C1A55088701}.Debug|Any CPU.Build.0 = Debug|Any CPU
		{03EA79BD-848D-425B-B72C-4C1A55088701}.Release|Any CPU.ActiveCfg = Release|Any CPU
		{03EA79BD-848D-425B-B72C-4C1A55088701}.Release|Any CPU.Build.0 = Release|Any CPU
		{0C63406A-427B-4A63-916D-6F2AFF973BF9}.Debug|Any CPU.ActiveCfg = Debug|Any CPU
		{0C63406A-427B-4A63-916D-6F2AFF973BF9}.Debug|Any CPU.Build.0 = Debug|Any CPU
		{0C63406A-427B-4A63-916D-6F2AFF973BF9}.Release|Any CPU.ActiveCfg = Release|Any CPU
		{0C63406A-427B-4A63-916D-6F2AFF973BF9}.Release|Any CPU.Build.0 = Release|Any CPU
		{40F266DB-99D9-42C1-8D12-010786B056B8}.Debug|Any CPU.ActiveCfg = Debug|Any CPU
		{40F266DB-99D9-42C1-8D12-010786B056B8}.Debug|Any CPU.Build.0 = Debug|Any CPU
		{40F266DB-99D9-42C1-8D12-010786B056B8}.Release|Any CPU.ActiveCfg = Release|Any CPU
		{40F266DB-99D9-42C1-8D12-010786B056B8}.Release|Any CPU.Build.0 = Release|Any CPU
	EndGlobalSection
	GlobalSection(SolutionProperties) = preSolution
		HideSolutionNode = FALSE
	EndGlobalSection
	GlobalSection(ExtensibilityGlobals) = postSolution
		SolutionGuid = {8B7E8CF9-92C1-4740-B33E-D64CF4356088}
	EndGlobalSection
EndGlobal
